github.com/NebulousLabs/fastrand v0.0.0-20181203155948-6fb6489aac4e h1:n+DcnTNkQnHlwpsrHoQtkrJIO7CBx029fw6oR4vIob4=
github.com/NebulousLabs/fastrand v0.0.0-20181203155948-6fb6489aac4e/go.mod h1:Bdzq+51GR4/0DIhaICZEOm+OHvXGwwB2trKZ8B4Y6eQ=
github.com/NebulousLabs/merkletree v0.0.0-20181203152040-08d5d54b07f5 h1:pk9SclNGplPbF6YDIDKMhHh9SaUWcoxPkMr7zdu1hfk=
github.com/NebulousLabs/merkletree v0.0.0-20181203152040-08d5d54b07f5/go.mod h1:Cn056wBLKay+uIS9LJn7ymwhgC5mqbOtG6iOhEvyy4M=
github.com/gobwas/glob v0.2.3 h1:A4xDbljILXROh+kObIiy5kIaPYD8e96x1tgBhUI5J+Y=
github.com/gobwas/glob v0.2.3/go.mod h1:d3Ez4x06l9bZtSvzIay5+Yzi0fmZzPgnTbPcKjJAkT8=
github.com/gogo/protobuf v1.3.1 h1:DqDEcV5aeaTmdFBePNpYsp3FlcVH/2ISVVM9Qf8PSls=
github.com/gogo/protobuf v1.3.1/go.mod h1:SlYgWuQ5SjCEi6WLHjHCa1yvBfUnHcTbrrZtXPKa29o=
github.com/gomodule/redigo v2.0.0+incompatible h1:K/R+8tc58AaqLkqG2Ol3Qk+DR/TlNuhuh457pBFPtt0=
github.com/gomodule/redigo v2.0.0+incompatible/go.mod h1:B4C85qUVwatsJoIUNIfCRsp7qO0iAmpGFZ4EELWSbC4=
github.com/kisielk/errcheck v1.2.0/go.mod h1:/BMXB+zMLi60iA8Vv6Ksmxu/1UDYcXs4uQLJ+jE2L00=
github.com/kisielk/gotool v1.0.0/go.mod h1:XhKaO+MFFWcvkIS/tQcRk01m1F5IRFswLeQ+oQHNcck=
github.com/philhofer/fwd v1.0.0 h1:UbZqGr5Y38ApvM/V/jEljVxwocdweyH+vmYvRPBnbqQ=
github.com/philhofer/fwd v1.0.0/go.mod h1:gk3iGcWd9+svBvR0sR+KPcfE+RNWozjowpeBVG3ZVNU=
github.com/rivine/bbolt v1.2.1 h1:sZDpPuvyF6BQEkXAmsin3v4RFibV2wU5PcUicX4mSms=
github.com/rivine/bbolt v1.2.1/go.mod h1:Sj238hQufRDCPeBZQn3iaj9CTbvE4Rwe5S1vbGl6Vkw=
github.com/rivine/bbolt v1.3.0 h1:VL96DXwuSMvPtBqqksDkvM4Qmqtqb5w0W/0moveXEx8=
github.com/rivine/bbolt v1.3.0/go.mod h1:Sj238hQufRDCPeBZQn3iaj9CTbvE4Rwe5S1vbGl6Vkw=
github.com/rivine/bbolt v1.3.1-coreos.6 h1:GKwsf14n4KrVPOd9JMCZ5xbx0SW49ED8+L/cNdLxCdk=
github.com/rivine/bbolt v1.3.1-coreos.6/go.mod h1:Sj238hQufRDCPeBZQn3iaj9CTbvE4Rwe5S1vbGl6Vkw=
github.com/threefoldfoundation/rexplorer v0.4.0 h1:pzK4ninQpDt1xKnxrZuC3i7RSjx3A/gl0MLgx+tP+Ks=
github.com/threefoldfoundation/rexplorer v0.4.0/go.mod h1:KqucwayZzWVvAYKpWh/3+CiEAcwwhh3/qqzGeCjs66E=
github.com/threefoldfoundation/tfchain v1.2.1 h1:zLTAa+1pEsEHcA6i6fwKOtovOcIVjU2CUvK1Ls4LsN4=
github.com/threefoldfoundation/tfchain v1.2.1/go.mod h1:HI95XQMC1sZbV787FpetVjtkLOwTim1cYtPurwV56U0=
github.com/threefoldtech/rivine v1.3.1 h1:AIEi60mpmhhGUtTZC56D7U9ncfs5YKoJ82miWAH5f5g=
github.com/threefoldtech/rivine v1.3.1/go.mod h1:6h06+WCYf87MfBnSFBXrcgwOrYCMzBAka+lKqOXgyjY=
github.com/tinylib/msgp v1.1.1 h1:TnCZ3FIuKeaIy+F45+Cnp+caqdXGy4z74HvwXN+570Y=
github.com/tinylib/msgp v1.1.1/go.mod h1:+d+yLhGm8mzTaHzB+wgMYrodPfmZrzkirds8fDWklFE=
github.com/tyler-smith/go-bip39 v1.0.2 h1:+t3w+KwLXO6154GNJY+qUtIxLTmFjfUmpguQT1OlOT8=
github.com/tyler-smith/go-bip39 v1.0.2/go.mod h1:sJ5fKU0s6JVwZjjcUEX2zFOnvq0ASQ2K9Zr6cf67kNs=
golang.org/x/crypto v0.0.0-20190308221718-c2843e01d9a2/go.mod h1:djNgcEr1/C05ACkg1iLfiJU5Ep61QUkGW8qpdssI0+w=
golang.org/x/crypto v0.0.0-20200221231518-2aa609cf4a9d h1:1ZiEyfaQIg3Qh0EoqpwAakHVhecoE5wlSg5GjnafJGw=
golang.org/x/crypto v0.0.0-20200221231518-2aa609cf4a9d/go.mod h1:LzIPMQfyMNhhGPhUkYOs5KpL4U8rLKemX1yGLhDgUto=
golang.org/x/net v0.0.0-20190404232315-eb5bcb51f2a3/go.mod h1:t9HGtf8HONx5eT2rtn7q6eTqICYqUVnKs3thJo3Qplg=
golang.org/x/sys v0.0.0-20190215142949-d0b11bdaac8a/go.mod h1:STP8DvDyc/dI5b8T5hshtkjS+E42TnysNCUPdjciGhY=
golang.org/x/sys v0.0.0-20190412213103-97732733099d h1:+R4KGOnez64A81RvjARKc4UT5/tI9ujCIVX+P5KiHuI=
golang.org/x/sys v0.0.0-20190412213103-97732733099d/go.mod h1:h1NjWce9XRLGQEsW7wpKNCjG9DtNlClVuFLEZdDNbEs=
golang.org/x/text v0.3.0/go.mod h1:NqM8EUOU14njkJ3fqMW+pc6Ldnwhi/IjpwHt7yyuwOQ=
golang.org/x/tools v0.0.0-20181030221726-6c7e314b6563/go.mod h1:n7NCudcB/nEzxVGmLbDWY5pfWTLqBcC2KZ6jyYvM4mQ=
